{
  "version": 4,
  "terraform_version": "1.7.5",
  "serial": 1,
  "lineage": "073b3194-f23a-0178-3011-0cac5c877e4f",
  "outputs": {},
  "resources": [
    {
      "mode": "managed",
      "type": "local_file",
      "name": "sample_res",
      "provider": "provider[\"registry.terraform.io/hashicorp/local\"]",
      "instances": [
        {
          "schema_version": 0,
          "attributes": {
            "content": "First terraform ",
            "content_base64": null,
            "content_base64sha256": "MZkAhrr1fCM06y2r17vznkLRmKQgeghXAhcBDE/2hlU=",
            "content_base64sha512": "PvNaCY0SHSqZu6ZpZCD3mWYoQMaLluXm9/zN9LUZ1n+V9Iq9c3R5hOamMQwJlA2618yOQLiVY4yqSdt8it/AyA==",
            "content_md5": "121c004a6bf5a46a31f08d02dc44cdc3",
            "content_sha1": "67927bab75658ef7489fc4a58320539d1daba4b7",
            "content_sha256": "31990086baf57c2334eb2dabd7bbf39e42d198a4207a08570217010c4ff68655",
            "content_sha512": "3ef35a098d121d2a99bba6696420f799662840c68b96e5e6f7fccdf4b519d67f95f48abd73747984e6a6310c09940dbad7cc8e40b895638caa49db7c8adfc0c8",
            "directory_permission": "0777",
            "file_permission": "0777",
            "filename": "sample.txt",
            "id": "67927bab75658ef7489fc4a58320539d1daba4b7",
            "sensitive_content": null,
            "source": null
          },
          "sensitive_attributes": []
        }
      ]
    }
  ],
  "check_results": null
}
