{
  "version": 4,
  "terraform_version": "1.7.5",
  "serial": 10,
  "lineage": "9bc7d91a-014e-c35e-2645-9032fc3a441c",
  "outputs": {},
  "resources": [
    {
      "mode": "managed",
      "type": "local_file",
      "name": "sample_res",
      "provider": "provider[\"registry.terraform.io/hashicorp/local\"]",
      "instances": [
        {
          "schema_version": 0,
          "attributes": {
            "content": "Amkit",
            "content_base64": null,
            "content_base64sha256": "IEEOGTkwHRbl7/QrGOFK7WdT+cetVxRSj2ovSDwLP3E=",
            "content_base64sha512": "zH7eiluws1oCegAs/M6MqkZRj8Xt9N1f6fBASCiGq25YQHdGBZm7/yT8Yw0fDwdnkg3f9mELMCwRKNiwSgtltA==",
            "content_md5": "be47e418b571008b1e47ed1f72d38c9f",
            "content_sha1": "95c2923e6927a950d45c1f652b6e4bf2d79a1f24",
            "content_sha256": "20410e1939301d16e5eff42b18e14aed6753f9c7ad5714528f6a2f483c0b3f71",
            "content_sha512": "cc7ede8a5bb0b35a027a002cfcce8caa46518fc5edf4dd5fe9f040482886ab6e584077460599bbff24fc630d1f0f0767920ddff6610b302c1128d8b04a0b65b4",
            "directory_permission": "0777",
            "file_permission": "0777",
            "filename": "sample",
            "id": "95c2923e6927a950d45c1f652b6e4bf2d79a1f24",
            "sensitive_content": null,
            "source": null
          },
          "sensitive_attributes": []
        }
      ]
    }
  ],
  "check_results": null
}
