{
  "version": 4,
  "terraform_version": "1.7.5",
  "serial": 3,
  "lineage": "4284b09e-ab76-3d04-1b28-cc901f29fb18",
  "outputs": {},
  "resources": [
    {
      "mode": "managed",
      "type": "google_pubsub_schema",
      "name": "schmea_tf",
      "provider": "provider[\"registry.terraform.io/hashicorp/google\"]",
      "instances": [
        {
          "status": "tainted",
          "schema_version": 0,
          "attributes": {
            "definition": "{\n  \"type\" : \"record\",\n  \"name\" : \"Avro\",\n  \"fields\" : [\n    {\n      \"name\" : \"name\",\n      \"type\" : \"string\"\n    },\n    {\n      \"name\" : \"age\",\n      \"type\" : \"int\"\n    }\n  ]\n}\n",
            "id": "projects/fifth-winter-415412/schemas/schmea_tf",
            "name": "schmea_tf",
            "project": "fifth-winter-415412",
            "timeouts": null,
            "type": "AVRO"
          },
          "sensitive_attributes": [],
          "private": "eyJlMmJmYjczMC1lY2FhLTExZTYtOGY4OC0zNDM2M2JjN2M0YzAiOnsiY3JlYXRlIjoxMjAwMDAwMDAwMDAwLCJkZWxldGUiOjEyMDAwMDAwMDAwMDAsInVwZGF0ZSI6MTIwMDAwMDAwMDAwMH19"
        }
      ]
    }
  ],
  "check_results": null
}
