{
  "version": 4,
  "terraform_version": "1.7.5",
  "serial": 17,
  "lineage": "487e3dc5-0047-659a-fd34-2e3289c67bb8",
  "outputs": {},
  "resources": [
    {
      "mode": "managed",
      "type": "google_storage_bucket",
      "name": "fun_bucket_tf",
      "provider": "provider[\"registry.terraform.io/hashicorp/google\"]",
      "instances": [
        {
          "schema_version": 1,
          "attributes": {
            "autoclass": [],
            "cors": [],
            "custom_placement_config": [],
            "default_event_based_hold": false,
            "effective_labels": {},
            "enable_object_retention": false,
            "encryption": [],
            "force_destroy": false,
            "id": "funcloudtfbucketusnew",
            "labels": null,
            "lifecycle_rule": [],
            "location": "US",
            "logging": [],
            "name": "funcloudtfbucketusnew",
            "project": "fifth-winter-415412",
            "project_number": 8646874963,
            "public_access_prevention": "inherited",
            "requester_pays": false,
            "retention_policy": [],
            "rpo": "DEFAULT",
            "self_link": "https://www.googleapis.com/storage/v1/b/funcloudtfbucketusnew",
            "soft_delete_policy": [
              {
                "effective_time": "2024-04-24T05:45:09.750Z",
                "retention_duration_seconds": 604800
              }
            ],
            "storage_class": "STANDARD",
            "terraform_labels": {},
            "timeouts": null,
            "uniform_bucket_level_access": false,
            "url": "gs://funcloudtfbucketusnew",
            "versioning": [],
            "website": []
          },
          "sensitive_attributes": [],
          "private": "eyJlMmJmYjczMC1lY2FhLTExZTYtOGY4OC0zNDM2M2JjN2M0YzAiOnsiY3JlYXRlIjo2MDAwMDAwMDAwMDAsInJlYWQiOjI0MDAwMDAwMDAwMCwidXBkYXRlIjoyNDAwMDAwMDAwMDB9LCJzY2hlbWFfdmVyc2lvbiI6IjEifQ=="
        }
      ]
    },
    {
      "mode": "managed",
      "type": "google_storage_bucket_object",
      "name": "fun_bucket_tf_object",
      "provider": "provider[\"registry.terraform.io/hashicorp/google\"]",
      "instances": [
        {
          "schema_version": 0,
          "attributes": {
            "bucket": "funcloudtfbucketusnew",
            "cache_control": "",
            "content": null,
            "content_disposition": "",
            "content_encoding": "",
            "content_language": "",
            "content_type": "application/zip",
            "crc32c": "nnV4kQ==",
            "customer_encryption": [],
            "detect_md5hash": "D8Eq4zF/LIPTMKicfk/hGg==",
            "event_based_hold": false,
            "id": "funcloudtfbucketusnew-cloudfncode.zip",
            "kms_key_name": "",
            "md5hash": "D8Eq4zF/LIPTMKicfk/hGg==",
            "media_link": "https://storage.googleapis.com/download/storage/v1/b/funcloudtfbucketusnew/o/cloudfncode.zip?generation=1713937511253291\u0026alt=media",
            "metadata": null,
            "name": "cloudfncode.zip",
            "output_name": "cloudfncode.zip",
            "retention": [],
            "self_link": "https://www.googleapis.com/storage/v1/b/funcloudtfbucketusnew/o/cloudfncode.zip",
            "source": "cloudfncode.zip",
            "storage_class": "STANDARD",
            "temporary_hold": false,
            "timeouts": null
          },
          "sensitive_attributes": [],
          "private": "eyJlMmJmYjczMC1lY2FhLTExZTYtOGY4OC0zNDM2M2JjN2M0YzAiOnsiY3JlYXRlIjoyNDAwMDAwMDAwMDAsImRlbGV0ZSI6MjQwMDAwMDAwMDAwLCJ1cGRhdGUiOjI0MDAwMDAwMDAwMH19",
          "dependencies": [
            "google_storage_bucket.fun_bucket_tf"
          ]
        }
      ]
    }
  ],
  "check_results": null
}
